# This file was autogenerated by Stack.
# You should not edit this file by hand.
# For more information, please see the documentation at:
#   https://docs.haskellstack.org/en/stable/topics/lock_files

packages:
- completed:
    hackage: hscurses-1.5.0.0@sha256:5bd0d1840ede4a99becdbb7a6b68ee6abe14f4b4a4cdfce373fcf46b9e119650,3851
    pantry-tree:
      sha256: 36e2909d3b83106f25510a677b6a6aaf3fd5db43c1d2f25240951f2b0ac74ef6
      size: 1425
  original:
    hackage: hscurses-1.5.0.0@sha256:5bd0d1840ede4a99becdbb7a6b68ee6abe14f4b4a4cdfce373fcf46b9e119650,3851
snapshots:
- completed:
    sha256: 45b164eaf5c16bd220d2c5d7ab9a66ca0cfbcde7753703a5cb3549172adde813
    size: 728959
    url: https://raw.githubusercontent.com/commercialhaskell/stackage-snapshots/master/lts/24/34.yaml
  original:
    url: https://raw.githubusercontent.com/commercialhaskell/stackage-snapshots/master/lts/24/34.yaml
